{
  "name": "demo2",
  "version": "1.0.0",
  "lockfileVersion": 1,
  "requires": true,
  "dependencies": {
    "mongodb": {
      "version": "file:https:/registry.npmjs.org/mongodb/-/mongodb-3.1.10.tgz",
      "integrity": "sha512-Uml42GeFxhTGQVml1XQ4cD0o/rp7J2ROy0fdYUcVitoE7vFqEhKH4TYVqRDpQr/bXtCJVxJdNQC1ntRxNREkPQ==",
      "requires": {
        "mongodb-core": "3.1.9",
        "safe-buffer": "^5.1.2"
      },
      "dependencies": {
        "bson": {
          "version": "1.1.0",
          "bundled": true
        },
        "memory-pager": {
          "version": "1.4.0",
          "bundled": true,
          "optional": true
        },
        "mongodb-core": {
          "version": "3.1.9",
          "bundled": true,
          "requires": {
            "bson": "^1.1.0",
            "require_optional": "^1.0.1",
            "safe-buffer": "^5.1.2",
            "saslprep": "^1.0.0"
          }
        },
        "require_optional": {
          "version": "1.0.1",
          "bundled": true,
          "requires": {
            "resolve-from": "^2.0.0",
            "semver": "^5.1.0"
          }
        },
        "resolve-from": {
          "version": "2.0.0",
          "bundled": true
        },
        "safe-buffer": {
          "version": "5.1.2",
          "bundled": true
        },
        "saslprep": {
          "version": "1.0.2",
          "bundled": true,
          "optional": true,
          "requires": {
            "sparse-bitfield": "^3.0.3"
          }
        },
        "semver": {
          "version": "5.6.0",
          "bundled": true
        },
        "sparse-bitfield": {
          "version": "3.0.3",
          "bundled": true,
          "optional": true,
          "requires": {
            "memory-pager": "^1.0.2"
          }
        }
      }
    },
    "mongodb-core": {
      "version": "file:../../../../modules/node_modules/mongodb-core",
      "integrity": "sha512-MJpciDABXMchrZphh3vMcqu8hkNf/Mi+Gk6btOimVg1XMxLXh87j6FAvRm+KmwD1A9fpu3qRQYcbQe4egj23og==",
      "requires": {
        "bson": "^1.1.0",
        "require_optional": "^1.0.1",
        "safe-buffer": "^5.1.2",
        "saslprep": "^1.0.0"
      },
      "dependencies": {
        "bson": {
          "version": "1.1.0",
          "bundled": true
        },
        "memory-pager": {
          "version": "1.4.0",
          "bundled": true,
          "optional": true
        },
        "require_optional": {
          "version": "1.0.1",
          "bundled": true,
          "requires": {
            "resolve-from": "^2.0.0",
            "semver": "^5.1.0"
          }
        },
        "resolve-from": {
          "version": "2.0.0",
          "bundled": true
        },
        "safe-buffer": {
          "version": "5.1.2",
          "bundled": true
        },
        "saslprep": {
          "version": "1.0.2",
          "bundled": true,
          "optional": true,
          "requires": {
            "sparse-bitfield": "^3.0.3"
          }
        },
        "semver": {
          "version": "5.6.0",
          "bundled": true
        },
        "sparse-bitfield": {
          "version": "3.0.3",
          "bundled": true,
          "optional": true,
          "requires": {
            "memory-pager": "^1.0.2"
          }
        }
      }
    }
  }
}
